
Microsoft Visual Studio Solution File, Format Version 12.00
# Visual Studio Version 16
VisualStudioVersion = 16.0.31112.23
MinimumVisualStudioVersion = 10.0.40219.1
Project("{FAE04EC0-301F-11D3-BF4B-00C04F79EFBC}") = "Piano", "Piano\Piano.csproj", "{52D72DEA-63EC-48FE-9767-4A80E04B787C}"
EndProject
Global
	GlobalSection(SolutionConfigurationPlatforms) = preSolution
		Debug|Any CPU = Debug|Any CPU
		Release|Any CPU = Release|Any CPU
	EndGlobalSection
	GlobalSection(ProjectConfigurationPlatforms) = postSolution
		{52D72DEA-63EC-48FE-9767-4A80E04B787C}.Debug|Any CPU.ActiveCfg = Debug|Any CPU
		{52D72DEA-63EC-48FE-9767-4A80E04B787C}.Debug|Any CPU.Build.0 = Debug|Any CPU
		{52D72DEA-63EC-48FE-9767-4A80E04B787C}.Release|Any CPU.ActiveCfg = Release|Any CPU
		{52D72DEA-63EC-48FE-9767-4A80E04B787C}.Release|Any CPU.Build.0 = Release|Any CPU
	EndGlobalSection
	GlobalSection(SolutionProperties) = preSolution
		HideSolutionNode = FALSE
	EndGlobalSection
	GlobalSection(ExtensibilityGlobals) = postSolution
		SolutionGuid = {86BE9CA1-705B-4B01-8719-9984D02083C9}
	EndGlobalSection
EndGlobal
